
Microsoft Visual Studio Solution File, Format Version 12.00
# Visual Studio 14
VisualStudioVersion = 14.0.24720.0
MinimumVisualStudioVersion = 10.0.40219.1
Project("{8BC9CEB8-8B4A-11D0-8D11-00A0C91BC942}") = "upg1", "labb5\labb5.vcxproj", "{A8A303EA-060B-41E6-B047-027324D7AB1C}"
EndProject
Project("{8BC9CEB8-8B4A-11D0-8D11-00A0C91BC942}") = "upg2", "upg2\upg2.vcxproj", "{F27C9076-6D1B-4A08-B4E1-4AE18EFBE895}"
EndProject
Project("{8BC9CEB8-8B4A-11D0-8D11-00A0C91BC942}") = "upg3", "upg3\upg3.vcxproj", "{F7B59B5F-4EDC-4515-98E0-45FDBE2CDE0D}"
EndProject
Global
	GlobalSection(SolutionConfigurationPlatforms) = preSolution
		Debug|x64 = Debug|x64
		Debug|x86 = Debug|x86
		Release|x64 = Release|x64
		Release|x86 = Release|x86
	EndGlobalSection
	GlobalSection(ProjectConfigurationPlatforms) = postSolution
		{A8A303EA-060B-41E6-B047-027324D7AB1C}.Debug|x64.ActiveCfg = Debug|x64
		{A8A303EA-060B-41E6-B047-027324D7AB1C}.Debug|x64.Build.0 = Debug|x64
		{A8A303EA-060B-41E6-B047-027324D7AB1C}.Debug|x86.ActiveCfg = Debug|Win32
		{A8A303EA-060B-41E6-B047-027324D7AB1C}.Debug|x86.Build.0 = Debug|Win32
		{A8A303EA-060B-41E6-B047-027324D7AB1C}.Release|x64.ActiveCfg = Release|x64
		{A8A303EA-060B-41E6-B047-027324D7AB1C}.Release|x64.Build.0 = Release|x64
		{A8A303EA-060B-41E6-B047-027324D7AB1C}.Release|x86.ActiveCfg = Release|Win32
		{A8A303EA-060B-41E6-B047-027324D7AB1C}.Release|x86.Build.0 = Release|Win32
		{F27C9076-6D1B-4A08-B4E1-4AE18EFBE895}.Debug|x64.ActiveCfg = Debug|x64
		{F27C9076-6D1B-4A08-B4E1-4AE18EFBE895}.Debug|x64.Build.0 = Debug|x64
		{F27C9076-6D1B-4A08-B4E1-4AE18EFBE895}.Debug|x86.ActiveCfg = Debug|Win32
		{F27C9076-6D1B-4A08-B4E1-4AE18EFBE895}.Debug|x86.Build.0 = Debug|Win32
		{F27C9076-6D1B-4A08-B4E1-4AE18EFBE895}.Release|x64.ActiveCfg = Release|x64
		{F27C9076-6D1B-4A08-B4E1-4AE18EFBE895}.Release|x64.Build.0 = Release|x64
		{F27C9076-6D1B-4A08-B4E1-4AE18EFBE895}.Release|x86.ActiveCfg = Release|Win32
		{F27C9076-6D1B-4A08-B4E1-4AE18EFBE895}.Release|x86.Build.0 = Release|Win32
		{F7B59B5F-4EDC-4515-98E0-45FDBE2CDE0D}.Debug|x64.ActiveCfg = Debug|x64
		{F7B59B5F-4EDC-4515-98E0-45FDBE2CDE0D}.Debug|x64.Build.0 = Debug|x64
		{F7B59B5F-4EDC-4515-98E0-45FDBE2CDE0D}.Debug|x86.ActiveCfg = Debug|Win32
		{F7B59B5F-4EDC-4515-98E0-45FDBE2CDE0D}.Debug|x86.Build.0 = Debug|Win32
		{F7B59B5F-4EDC-4515-98E0-45FDBE2CDE0D}.Release|x64.ActiveCfg = Release|x64
		{F7B59B5F-4EDC-4515-98E0-45FDBE2CDE0D}.Release|x64.Build.0 = Release|x64
		{F7B59B5F-4EDC-4515-98E0-45FDBE2CDE0D}.Release|x86.ActiveCfg = Release|Win32
		{F7B59B5F-4EDC-4515-98E0-45FDBE2CDE0D}.Release|x86.Build.0 = Release|Win32
	EndGlobalSection
	GlobalSection(SolutionProperties) = preSolution
		HideSolutionNode = FALSE
	EndGlobalSection
EndGlobal
